
Microsoft Visual Studio Solution File, Format Version 12.00
# Visual Studio 2012
Project("{FAE04EC0-301F-11D3-BF4B-00C04F79EFBC}") = "DefaultStorage", "DefaultStorage\DefaultStorage.csproj", "{0F8E631E-9D8B-4676-AE60-17F1772173BD}"
EndProject
Global
	GlobalSection(SolutionConfigurationPlatforms) = preSolution
		Debug|Any CPU = Debug|Any CPU
		Release|Any CPU = Release|Any CPU
	EndGlobalSection
	GlobalSection(ProjectConfigurationPlatforms) = postSolution
		{0F8E631E-9D8B-4676-AE60-17F1772173BD}.Debug|Any CPU.ActiveCfg = Debug|Any CPU
		{0F8E631E-9D8B-4676-AE60-17F1772173BD}.Debug|Any CPU.Build.0 = Debug|Any CPU
		{0F8E631E-9D8B-4676-AE60-17F1772173BD}.Release|Any CPU.ActiveCfg = Release|Any CPU
		{0F8E631E-9D8B-4676-AE60-17F1772173BD}.Release|Any CPU.Build.0 = Release|Any CPU
	EndGlobalSection
	GlobalSection(SolutionProperties) = preSolution
		HideSolutionNode = FALSE
	EndGlobalSection
EndGlobal
